
Microsoft Visual Studio Solution File, Format Version 12.00
# Visual Studio 14
VisualStudioVersion = 14.0.24720.0
MinimumVisualStudioVersion = 10.0.40219.1
Project("{2150E333-8FDC-42A3-9474-1A3956D46DE8}") = "src", "src", "{A218F502-18DF-4A3B-972E-3D095DD28F5F}"
EndProject
Project("{2150E333-8FDC-42A3-9474-1A3956D46DE8}") = "Solution Items", "Solution Items", "{051D4179-0A05-4F65-8EF6-113BF4DC85D3}"
	ProjectSection(SolutionItems) = preProject
		global.json = global.json
	EndProjectSection
EndProject
Project("{8BB2217D-0F2D-49D1-97BC-3654ED321F3B}") = "Finances", "src\Finances\Finances.xproj", "{CD52B11D-EE79-4455-9ABD-35FE3F3993F3}"
EndProject
Global
	GlobalSection(SolutionConfigurationPlatforms) = preSolution
		Debug|Any CPU = Debug|Any CPU
		Release|Any CPU = Release|Any CPU
	EndGlobalSection
	GlobalSection(ProjectConfigurationPlatforms) = postSolution
		{CD52B11D-EE79-4455-9ABD-35FE3F3993F3}.Debug|Any CPU.ActiveCfg = Debug|Any CPU
		{CD52B11D-EE79-4455-9ABD-35FE3F3993F3}.Debug|Any CPU.Build.0 = Debug|Any CPU
		{CD52B11D-EE79-4455-9ABD-35FE3F3993F3}.Release|Any CPU.ActiveCfg = Release|Any CPU
		{CD52B11D-EE79-4455-9ABD-35FE3F3993F3}.Release|Any CPU.Build.0 = Release|Any CPU
	EndGlobalSection
	GlobalSection(SolutionProperties) = preSolution
		HideSolutionNode = FALSE
	EndGlobalSection
	GlobalSection(NestedProjects) = preSolution
		{CD52B11D-EE79-4455-9ABD-35FE3F3993F3} = {A218F502-18DF-4A3B-972E-3D095DD28F5F}
	EndGlobalSection
EndGlobal
